
Microsoft Visual Studio Solution File, Format Version 12.00
# Visual Studio 15
VisualStudioVersion = 15.0.28010.2046
MinimumVisualStudioVersion = 10.0.40219.1
Project("{9A19103F-16F7-4668-BE54-9A1E7A4F7556}") = "paralleluitestwithseleniuminvisualstudio", "paralleluitestwithseleniuminvisualstudio\paralleluitestwithseleniuminvisualstudio.csproj", "{8D2D556A-093E-4973-94A7-6B55C2D4F821}"
EndProject
Project("{FAE04EC0-301F-11D3-BF4B-00C04F79EFBC}") = "FirefoxTest", "FirefoxTest\FirefoxTest.csproj", "{A11BE012-4B53-4C5A-85AB-EE2B53F1BD57}"
EndProject
Project("{9A19103F-16F7-4668-BE54-9A1E7A4F7556}") = "ChromeTest", "ChromeTest\ChromeTest.csproj", "{D3F3C2F3-6B52-4A4F-8EDA-2F14015A33F9}"
EndProject
Project("{9A19103F-16F7-4668-BE54-9A1E7A4F7556}") = "WebApp", "WebApp\WebApp.csproj", "{CD168277-3143-4FA1-AA1B-E95AE747A260}"
EndProject
Project("{E53339B2-1760-4266-BCC7-CA923CBCF16C}") = "docker-compose", "docker-compose.dcproj", "{CC9CAE3A-D611-49D8-9DA8-070524E00394}"
EndProject
Global
	GlobalSection(SolutionConfigurationPlatforms) = preSolution
		Debug|Any CPU = Debug|Any CPU
		Release|Any CPU = Release|Any CPU
	EndGlobalSection
	GlobalSection(ProjectConfigurationPlatforms) = postSolution
		{8D2D556A-093E-4973-94A7-6B55C2D4F821}.Debug|Any CPU.ActiveCfg = Debug|Any CPU
		{8D2D556A-093E-4973-94A7-6B55C2D4F821}.Debug|Any CPU.Build.0 = Debug|Any CPU
		{8D2D556A-093E-4973-94A7-6B55C2D4F821}.Release|Any CPU.ActiveCfg = Release|Any CPU
		{8D2D556A-093E-4973-94A7-6B55C2D4F821}.Release|Any CPU.Build.0 = Release|Any CPU
		{A11BE012-4B53-4C5A-85AB-EE2B53F1BD57}.Debug|Any CPU.ActiveCfg = Debug|Any CPU
		{A11BE012-4B53-4C5A-85AB-EE2B53F1BD57}.Debug|Any CPU.Build.0 = Debug|Any CPU
		{A11BE012-4B53-4C5A-85AB-EE2B53F1BD57}.Release|Any CPU.ActiveCfg = Release|Any CPU
		{A11BE012-4B53-4C5A-85AB-EE2B53F1BD57}.Release|Any CPU.Build.0 = Release|Any CPU
		{D3F3C2F3-6B52-4A4F-8EDA-2F14015A33F9}.Debug|Any CPU.ActiveCfg = Debug|Any CPU
		{D3F3C2F3-6B52-4A4F-8EDA-2F14015A33F9}.Debug|Any CPU.Build.0 = Debug|Any CPU
		{D3F3C2F3-6B52-4A4F-8EDA-2F14015A33F9}.Release|Any CPU.ActiveCfg = Release|Any CPU
		{D3F3C2F3-6B52-4A4F-8EDA-2F14015A33F9}.Release|Any CPU.Build.0 = Release|Any CPU
		{CD168277-3143-4FA1-AA1B-E95AE747A260}.Debug|Any CPU.ActiveCfg = Debug|Any CPU
		{CD168277-3143-4FA1-AA1B-E95AE747A260}.Debug|Any CPU.Build.0 = Debug|Any CPU
		{CD168277-3143-4FA1-AA1B-E95AE747A260}.Release|Any CPU.ActiveCfg = Release|Any CPU
		{CD168277-3143-4FA1-AA1B-E95AE747A260}.Release|Any CPU.Build.0 = Release|Any CPU
		{CC9CAE3A-D611-49D8-9DA8-070524E00394}.Debug|Any CPU.ActiveCfg = Debug|Any CPU
		{CC9CAE3A-D611-49D8-9DA8-070524E00394}.Debug|Any CPU.Build.0 = Debug|Any CPU
		{CC9CAE3A-D611-49D8-9DA8-070524E00394}.Release|Any CPU.ActiveCfg = Release|Any CPU
		{CC9CAE3A-D611-49D8-9DA8-070524E00394}.Release|Any CPU.Build.0 = Release|Any CPU
	EndGlobalSection
	GlobalSection(SolutionProperties) = preSolution
		HideSolutionNode = FALSE
	EndGlobalSection
	GlobalSection(ExtensibilityGlobals) = postSolution
		SolutionGuid = {DAF405B8-C0B9-484C-A8F6-9928BAF7E6F4}
	EndGlobalSection
EndGlobal
